// !$*UTF8*$!
{
	archiveVersion = 1;
	classes = {
	};
	objectVersion = 50;
	objects = {

/* Begin PBXBuildFile section */
		6D20E09321E89C1900E8A12E /* EventDetailViewController.swift in Sources */ = {isa = PBXBuildFile; fileRef = 6D20E09221E89C1900E8A12E /* EventDetailViewController.swift */; };
		6DB4325221DD67D9004901EB /* Extensions.swift in Sources */ = {isa = PBXBuildFile; fileRef = 6DB4325121DD67D9004901EB /* Extensions.swift */; };
		6DB4325421DD7287004901EB /* AddEventViewController.swift in Sources */ = {isa = PBXBuildFile; fileRef = 6DB4325321DD7287004901EB /* AddEventViewController.swift */; };
		6DC2220321DB7BCD00975479 /* AppDelegate.swift in Sources */ = {isa = PBXBuildFile; fileRef = 6DC2220221DB7BCD00975479 /* AppDelegate.swift */; };
		6DC2220521DB7BCD00975479 /* ProfileViewController.swift in Sources */ = {isa = PBXBuildFile; fileRef = 6DC2220421DB7BCD00975479 /* ProfileViewController.swift */; };
		6DC2220721DB7BCD00975479 /* EventsViewController.swift in Sources */ = {isa = PBXBuildFile; fileRef = 6DC2220621DB7BCD00975479 /* EventsViewController.swift */; };
		6DC2220A21DB7BCD00975479 /* Main.storyboard in Resources */ = {isa = PBXBuildFile; fileRef = 6DC2220821DB7BCD00975479 /* Main.storyboard */; };
		6DC2220C21DB7BCE00975479 /* Assets.xcassets in Resources */ = {isa = PBXBuildFile; fileRef = 6DC2220B21DB7BCE00975479 /* Assets.xcassets */; };
		6DC2220F21DB7BCE00975479 /* LaunchScreen.storyboard in Resources */ = {isa = PBXBuildFile; fileRef = 6DC2220D21DB7BCE00975479 /* LaunchScreen.storyboard */; };
		6DC2221F21DB7E9700975479 /* Member.swift in Sources */ = {isa = PBXBuildFile; fileRef = 6DC2221E21DB7E9700975479 /* Member.swift */; };
		6DC2222121DB7F7400975479 /* Player.swift in Sources */ = {isa = PBXBuildFile; fileRef = 6DC2222021DB7F7400975479 /* Player.swift */; };
		6DC2222321DB814F00975479 /* MemberRepository.swift in Sources */ = {isa = PBXBuildFile; fileRef = 6DC2222221DB814F00975479 /* MemberRepository.swift */; };
		6DC2222521DB81CB00975479 /* Repository.swift in Sources */ = {isa = PBXBuildFile; fileRef = 6DC2222421DB81CB00975479 /* Repository.swift */; };
		6DC2224521DB9DE500975479 /* TeamViewController.swift in Sources */ = {isa = PBXBuildFile; fileRef = 6DC2224421DB9DE500975479 /* TeamViewController.swift */; };
		6DC2224721DBB45A00975479 /* Event.swift in Sources */ = {isa = PBXBuildFile; fileRef = 6DC2224621DBB45A00975479 /* Event.swift */; };
		6DC2224921DBB4F100975479 /* GameEvent.swift in Sources */ = {isa = PBXBuildFile; fileRef = 6DC2224821DBB4F100975479 /* GameEvent.swift */; };
		6DC2224B21DBB51B00975479 /* EventRepository.swift in Sources */ = {isa = PBXBuildFile; fileRef = 6DC2224A21DBB51B00975479 /* EventRepository.swift */; };
		6DC2224F21DC940400975479 /* EventTableViewCell.swift in Sources */ = {isa = PBXBuildFile; fileRef = 6DC2224E21DC940400975479 /* EventTableViewCell.swift */; };
		A318FD28B9031D5252C5C206 /* Pods_Teamstuff.framework in Frameworks */ = {isa = PBXBuildFile; fileRef = 2E49B50635F388864DA5C0E4 /* Pods_Teamstuff.framework */; };
/* End PBXBuildFile section */

/* Begin PBXFileReference section */
		2E49B50635F388864DA5C0E4 /* Pods_Teamstuff.framework */ = {isa = PBXFileReference; explicitFileType = wrapper.framework; includeInIndex = 0; path = Pods_Teamstuff.framework; sourceTree = BUILT_PRODUCTS_DIR; };
		6D20E09221E89C1900E8A12E /* EventDetailViewController.swift */ = {isa = PBXFileReference; lastKnownFileType = sourcecode.swift; path = EventDetailViewController.swift; sourceTree = "<group>"; };
		6DB4325121DD67D9004901EB /* Extensions.swift */ = {isa = PBXFileReference; lastKnownFileType = sourcecode.swift; path = Extensions.swift; sourceTree = "<group>"; };
		6DB4325321DD7287004901EB /* AddEventViewController.swift */ = {isa = PBXFileReference; lastKnownFileType = sourcecode.swift; path = AddEventViewController.swift; sourceTree = "<group>"; };
		6DC221FF21DB7BCD00975479 /* Teamstuff.app */ = {isa = PBXFileReference; explicitFileType = wrapper.application; includeInIndex = 0; path = Teamstuff.app; sourceTree = BUILT_PRODUCTS_DIR; };
		6DC2220221DB7BCD00975479 /* AppDelegate.swift */ = {isa = PBXFileReference; lastKnownFileType = sourcecode.swift; path = AppDelegate.swift; sourceTree = "<group>"; };
		6DC2220421DB7BCD00975479 /* ProfileViewController.swift */ = {isa = PBXFileReference; lastKnownFileType = sourcecode.swift; path = ProfileViewController.swift; sourceTree = "<group>"; };
		6DC2220621DB7BCD00975479 /* EventsViewController.swift */ = {isa = PBXFileReference; lastKnownFileType = sourcecode.swift; path = EventsViewController.swift; sourceTree = "<group>"; };
		6DC2220921DB7BCD00975479 /* Base */ = {isa = PBXFileReference; lastKnownFileType = file.storyboard; name = Base; path = Base.lproj/Main.storyboard; sourceTree = "<group>"; };
		6DC2220B21DB7BCE00975479 /* Assets.xcassets */ = {isa = PBXFileReference; lastKnownFileType = folder.assetcatalog; path = Assets.xcassets; sourceTree = "<group>"; };
		6DC2220E21DB7BCE00975479 /* Base */ = {isa = PBXFileReference; lastKnownFileType = file.storyboard; name = Base; path = Base.lproj/LaunchScreen.storyboard; sourceTree = "<group>"; };
		6DC2221021DB7BCE00975479 /* Info.plist */ = {isa = PBXFileReference; lastKnownFileType = text.plist.xml; path = Info.plist; sourceTree = "<group>"; };
		6DC2221E21DB7E9700975479 /* Member.swift */ = {isa = PBXFileReference; lastKnownFileType = sourcecode.swift; path = Member.swift; sourceTree = "<group>"; };
		6DC2222021DB7F7400975479 /* Player.swift */ = {isa = PBXFileReference; lastKnownFileType = sourcecode.swift; path = Player.swift; sourceTree = "<group>"; };
		6DC2222221DB814F00975479 /* MemberRepository.swift */ = {isa = PBXFileReference; lastKnownFileType = sourcecode.swift; path = MemberRepository.swift; sourceTree = "<group>"; };
		6DC2222421DB81CB00975479 /* Repository.swift */ = {isa = PBXFileReference; lastKnownFileType = sourcecode.swift; path = Repository.swift; sourceTree = "<group>"; };
		6DC2224421DB9DE500975479 /* TeamViewController.swift */ = {isa = PBXFileReference; lastKnownFileType = sourcecode.swift; path = TeamViewController.swift; sourceTree = "<group>"; };
		6DC2224621DBB45A00975479 /* Event.swift */ = {isa = PBXFileReference; lastKnownFileType = sourcecode.swift; path = Event.swift; sourceTree = "<group>"; };
		6DC2224821DBB4F100975479 /* GameEvent.swift */ = {isa = PBXFileReference; lastKnownFileType = sourcecode.swift; path = GameEvent.swift; sourceTree = "<group>"; };
		6DC2224A21DBB51B00975479 /* EventRepository.swift */ = {isa = PBXFileReference; lastKnownFileType = sourcecode.swift; path = EventRepository.swift; sourceTree = "<group>"; };
		6DC2224E21DC940400975479 /* EventTableViewCell.swift */ = {isa = PBXFileReference; lastKnownFileType = sourcecode.swift; path = EventTableViewCell.swift; sourceTree = "<group>"; };
		792CA520024C622CCB7FD497 /* Pods-Teamstuff.release.xcconfig */ = {isa = PBXFileReference; includeInIndex = 1; lastKnownFileType = text.xcconfig; name = "Pods-Teamstuff.release.xcconfig"; path = "Pods/Target Support Files/Pods-Teamstuff/Pods-Teamstuff.release.xcconfig"; sourceTree = "<group>"; };
		D64658014E6DAC3A51D1526C /* Pods-Teamstuff.debug.xcconfig */ = {isa = PBXFileReference; includeInIndex = 1; lastKnownFileType = text.xcconfig; name = "Pods-Teamstuff.debug.xcconfig"; path = "Pods/Target Support Files/Pods-Teamstuff/Pods-Teamstuff.debug.xcconfig"; sourceTree = "<group>"; };
/* End PBXFileReference section */

/* Begin PBXFrameworksBuildPhase section */
		6DC221FC21DB7BCD00975479 /* Frameworks */ = {
			isa = PBXFrameworksBuildPhase;
			buildActionMask = 2147483647;
			files = (
				A318FD28B9031D5252C5C206 /* Pods_Teamstuff.framework in Frameworks */,
			);
			runOnlyForDeploymentPostprocessing = 0;
		};
/* End PBXFrameworksBuildPhase section */

/* Begin PBXGroup section */
		21C5091C026F53C1ED963378 /* Pods */ = {
			isa = PBXGroup;
			children = (
				D64658014E6DAC3A51D1526C /* Pods-Teamstuff.debug.xcconfig */,
				792CA520024C622CCB7FD497 /* Pods-Teamstuff.release.xcconfig */,
			);
			name = Pods;
			sourceTree = "<group>";
		};
		659608FBF3A4A886C05126A8 /* Frameworks */ = {
			isa = PBXGroup;
			children = (
				2E49B50635F388864DA5C0E4 /* Pods_Teamstuff.framework */,
			);
			name = Frameworks;
			sourceTree = "<group>";
		};
		6DC221F621DB7BCD00975479 = {
			isa = PBXGroup;
			children = (
				6DC2220121DB7BCD00975479 /* Teamstuff */,
				6DC2220021DB7BCD00975479 /* Products */,
				21C5091C026F53C1ED963378 /* Pods */,
				659608FBF3A4A886C05126A8 /* Frameworks */,
			);
			sourceTree = "<group>";
		};
		6DC2220021DB7BCD00975479 /* Products */ = {
			isa = PBXGroup;
			children = (
				6DC221FF21DB7BCD00975479 /* Teamstuff.app */,
			);
			name = Products;
			sourceTree = "<group>";
		};
		6DC2220121DB7BCD00975479 /* Teamstuff */ = {
			isa = PBXGroup;
			children = (
				6DC2221921DB7DEF00975479 /* Helpers */,
				6DC2221821DB7C2400975479 /* Controller */,
				6DC2221721DB7C1C00975479 /* View */,
				6DC2221621DB7C1400975479 /* Model */,
				6DC2220221DB7BCD00975479 /* AppDelegate.swift */,
				6DC2220821DB7BCD00975479 /* Main.storyboard */,
				6DC2220B21DB7BCE00975479 /* Assets.xcassets */,
				6DC2220D21DB7BCE00975479 /* LaunchScreen.storyboard */,
				6DC2221021DB7BCE00975479 /* Info.plist */,
			);
			path = Teamstuff;
			sourceTree = "<group>";
		};
		6DC2221621DB7C1400975479 /* Model */ = {
			isa = PBXGroup;
			children = (
				6DC2221E21DB7E9700975479 /* Member.swift */,
				6DC2222021DB7F7400975479 /* Player.swift */,
				6DC2224621DBB45A00975479 /* Event.swift */,
				6DC2224821DBB4F100975479 /* GameEvent.swift */,
			);
			path = Model;
			sourceTree = "<group>";
		};
		6DC2221721DB7C1C00975479 /* View */ = {
			isa = PBXGroup;
			children = (
				6DC2224E21DC940400975479 /* EventTableViewCell.swift */,
			);
			path = View;
			sourceTree = "<group>";
		};
		6DC2221821DB7C2400975479 /* Controller */ = {
			isa = PBXGroup;
			children = (
				6DC2220421DB7BCD00975479 /* ProfileViewController.swift */,
				6DC2220621DB7BCD00975479 /* EventsViewController.swift */,
				6DC2224421DB9DE500975479 /* TeamViewController.swift */,
				6DB4325321DD7287004901EB /* AddEventViewController.swift */,
				6D20E09221E89C1900E8A12E /* EventDetailViewController.swift */,
			);
			path = Controller;
			sourceTree = "<group>";
		};
		6DC2221921DB7DEF00975479 /* Helpers */ = {
			isa = PBXGroup;
			children = (
				6DC2222221DB814F00975479 /* MemberRepository.swift */,
				6DC2222421DB81CB00975479 /* Repository.swift */,
				6DC2224A21DBB51B00975479 /* EventRepository.swift */,
				6DB4325121DD67D9004901EB /* Extensions.swift */,
			);
			path = Helpers;
			sourceTree = "<group>";
		};
/* End PBXGroup section */

/* Begin PBXNativeTarget section */
		6DC221FE21DB7BCD00975479 /* Teamstuff */ = {
			isa = PBXNativeTarget;
			buildConfigurationList = 6DC2221321DB7BCE00975479 /* Build configuration list for PBXNativeTarget "Teamstuff" */;
			buildPhases = (
				E040772289D705E9C5D5D551 /* [CP] Check Pods Manifest.lock */,
				6DC221FB21DB7BCD00975479 /* Sources */,
				6DC221FC21DB7BCD00975479 /* Frameworks */,
				6DC221FD21DB7BCD00975479 /* Resources */,
				0403FCB87CA9A278BA5CA21E /* [CP] Embed Pods Frameworks */,
			);
			buildRules = (
			);
			dependencies = (
			);
			name = Teamstuff;
			productName = Teamstuff;
			productReference = 6DC221FF21DB7BCD00975479 /* Teamstuff.app */;
			productType = "com.apple.product-type.application";
		};
/* End PBXNativeTarget section */

/* Begin PBXProject section */
		6DC221F721DB7BCD00975479 /* Project object */ = {
			isa = PBXProject;
			attributes = {
				LastSwiftUpdateCheck = 1010;
				LastUpgradeCheck = 1010;
				ORGANIZATIONNAME = "Frédéric De Smet";
				TargetAttributes = {
					6DC221FE21DB7BCD00975479 = {
						CreatedOnToolsVersion = 10.1;
					};
				};
			};
			buildConfigurationList = 6DC221FA21DB7BCD00975479 /* Build configuration list for PBXProject "Teamstuff" */;
			compatibilityVersion = "Xcode 9.3";
			developmentRegion = en;
			hasScannedForEncodings = 0;
			knownRegions = (
				en,
				Base,
			);
			mainGroup = 6DC221F621DB7BCD00975479;
			productRefGroup = 6DC2220021DB7BCD00975479 /* Products */;
			projectDirPath = "";
			projectRoot = "";
			targets = (
				6DC221FE21DB7BCD00975479 /* Teamstuff */,
			);
		};
/* End PBXProject section */

/* Begin PBXResourcesBuildPhase section */
		6DC221FD21DB7BCD00975479 /* Resources */ = {
			isa = PBXResourcesBuildPhase;
			buildActionMask = 2147483647;
			files = (
				6DC2220F21DB7BCE00975479 /* LaunchScreen.storyboard in Resources */,
				6DC2220C21DB7BCE00975479 /* Assets.xcassets in Resources */,
				6DC2220A21DB7BCD00975479 /* Main.storyboard in Resources */,
			);
			runOnlyForDeploymentPostprocessing = 0;
		};
/* End PBXResourcesBuildPhase section */

/* Begin PBXShellScriptBuildPhase section */
		0403FCB87CA9A278BA5CA21E /* [CP] Embed Pods Frameworks */ = {
			isa = PBXShellScriptBuildPhase;
			buildActionMask = 2147483647;
			files = (
			);
			inputFileListPaths = (
			);
			inputPaths = (
				"${SRCROOT}/Pods/Target Support Files/Pods-Teamstuff/Pods-Teamstuff-frameworks.sh",
				"${BUILT_PRODUCTS_DIR}/Eureka/Eureka.framework",
			);
			name = "[CP] Embed Pods Frameworks";
			outputFileListPaths = (
			);
			outputPaths = (
				"${TARGET_BUILD_DIR}/${FRAMEWORKS_FOLDER_PATH}/Eureka.framework",
			);
			runOnlyForDeploymentPostprocessing = 0;
			shellPath = /bin/sh;
			shellScript = "\"${SRCROOT}/Pods/Target Support Files/Pods-Teamstuff/Pods-Teamstuff-frameworks.sh\"\n";
			showEnvVarsInLog = 0;
		};
		E040772289D705E9C5D5D551 /* [CP] Check Pods Manifest.lock */ = {
			isa = PBXShellScriptBuildPhase;
			buildActionMask = 2147483647;
			files = (
			);
			inputFileListPaths = (
			);
			inputPaths = (
				"${PODS_PODFILE_DIR_PATH}/Podfile.lock",
				"${PODS_ROOT}/Manifest.lock",
			);
			name = "[CP] Check Pods Manifest.lock";
			outputFileListPaths = (
			);
			outputPaths = (
				"$(DERIVED_FILE_DIR)/Pods-Teamstuff-checkManifestLockResult.txt",
			);
			runOnlyForDeploymentPostprocessing = 0;
			shellPath = /bin/sh;
			shellScript = "diff \"${PODS_PODFILE_DIR_PATH}/Podfile.lock\" \"${PODS_ROOT}/Manifest.lock\" > /dev/null\nif [ $? != 0 ] ; then\n    # print error to STDERR\n    echo \"error: The sandbox is not in sync with the Podfile.lock. Run 'pod install' or update your CocoaPods installation.\" >&2\n    exit 1\nfi\n# This output is used by Xcode 'outputs' to avoid re-running this script phase.\necho \"SUCCESS\" > \"${SCRIPT_OUTPUT_FILE_0}\"\n";
			showEnvVarsInLog = 0;
		};
/* End PBXShellScriptBuildPhase section */

/* Begin PBXSourcesBuildPhase section */
		6DC221FB21DB7BCD00975479 /* Sources */ = {
			isa = PBXSourcesBuildPhase;
			buildActionMask = 2147483647;
			files = (
				6DB4325421DD7287004901EB /* AddEventViewController.swift in Sources */,
				6DC2224F21DC940400975479 /* EventTableViewCell.swift in Sources */,
				6DC2220721DB7BCD00975479 /* EventsViewController.swift in Sources */,
				6DC2224721DBB45A00975479 /* Event.swift in Sources */,
				6DC2224B21DBB51B00975479 /* EventRepository.swift in Sources */,
				6DC2224521DB9DE500975479 /* TeamViewController.swift in Sources */,
				6D20E09321E89C1900E8A12E /* EventDetailViewController.swift in Sources */,
				6DC2222321DB814F00975479 /* MemberRepository.swift in Sources */,
				6DC2222521DB81CB00975479 /* Repository.swift in Sources */,
				6DC2220321DB7BCD00975479 /* AppDelegate.swift in Sources */,
				6DC2220521DB7BCD00975479 /* ProfileViewController.swift in Sources */,
				6DC2222121DB7F7400975479 /* Player.swift in Sources */,
				6DC2224921DBB4F100975479 /* GameEvent.swift in Sources */,
				6DC2221F21DB7E9700975479 /* Member.swift in Sources */,
				6DB4325221DD67D9004901EB /* Extensions.swift in Sources */,
			);
			runOnlyForDeploymentPostprocessing = 0;
		};
/* End PBXSourcesBuildPhase section */

/* Begin PBXVariantGroup section */
		6DC2220821DB7BCD00975479 /* Main.storyboard */ = {
			isa = PBXVariantGroup;
			children = (
				6DC2220921DB7BCD00975479 /* Base */,
			);
			name = Main.storyboard;
			sourceTree = "<group>";
		};
		6DC2220D21DB7BCE00975479 /* LaunchScreen.storyboard */ = {
			isa = PBXVariantGroup;
			children = (
				6DC2220E21DB7BCE00975479 /* Base */,
			);
			name = LaunchScreen.storyboard;
			sourceTree = "<group>";
		};
/* End PBXVariantGroup section */

/* Begin XCBuildConfiguration section */
		6DC2221121DB7BCE00975479 /* Debug */ = {
			isa = XCBuildConfiguration;
			buildSettings = {
				ALWAYS_SEARCH_USER_PATHS = NO;
				CLANG_ANALYZER_NONNULL = YES;
				CLANG_ANALYZER_NUMBER_OBJECT_CONVERSION = YES_AGGRESSIVE;
				CLANG_CXX_LANGUAGE_STANDARD = "gnu++14";
				CLANG_CXX_LIBRARY = "libc++";
				CLANG_ENABLE_MODULES = YES;
				CLANG_ENABLE_OBJC_ARC = YES;
				CLANG_ENABLE_OBJC_WEAK = YES;
				CLANG_WARN_BLOCK_CAPTURE_AUTORELEASING = YES;
				CLANG_WARN_BOOL_CONVERSION = YES;
				CLANG_WARN_COMMA = YES;
				CLANG_WARN_CONSTANT_CONVERSION = YES;
				CLANG_WARN_DEPRECATED_OBJC_IMPLEMENTATIONS = YES;
				CLANG_WARN_DIRECT_OBJC_ISA_USAGE = YES_ERROR;
				CLANG_WARN_DOCUMENTATION_COMMENTS = YES;
				CLANG_WARN_EMPTY_BODY = YES;
				CLANG_WARN_ENUM_CONVERSION = YES;
				CLANG_WARN_INFINITE_RECURSION = YES;
				CLANG_WARN_INT_CONVERSION = YES;
				CLANG_WARN_NON_LITERAL_NULL_CONVERSION = YES;
				CLANG_WARN_OBJC_IMPLICIT_RETAIN_SELF = YES;
				CLANG_WARN_OBJC_LITERAL_CONVERSION = YES;
				CLANG_WARN_OBJC_ROOT_CLASS = YES_ERROR;
				CLANG_WARN_RANGE_LOOP_ANALYSIS = YES;
				CLANG_WARN_STRICT_PROTOTYPES = YES;
				CLANG_WARN_SUSPICIOUS_MOVE = YES;
				CLANG_WARN_UNGUARDED_AVAILABILITY = YES_AGGRESSIVE;
				CLANG_WARN_UNREACHABLE_CODE = YES;
				CLANG_WARN__DUPLICATE_METHOD_MATCH = YES;
				CODE_SIGN_IDENTITY = "iPhone Developer";
				COPY_PHASE_STRIP = NO;
				DEBUG_INFORMATION_FORMAT = dwarf;
				ENABLE_STRICT_OBJC_MSGSEND = YES;
				ENABLE_TESTABILITY = YES;
				GCC_C_LANGUAGE_STANDARD = gnu11;
				GCC_DYNAMIC_NO_PIC = NO;
				GCC_NO_COMMON_BLOCKS = YES;
				GCC_OPTIMIZATION_LEVEL = 0;
				GCC_PREPROCESSOR_DEFINITIONS = (
					"DEBUG=1",
					"$(inherited)",
				);
				GCC_WARN_64_TO_32_BIT_CONVERSION = YES;
				GCC_WARN_ABOUT_RETURN_TYPE = YES_ERROR;
				GCC_WARN_UNDECLARED_SELECTOR = YES;
				GCC_WARN_UNINITIALIZED_AUTOS = YES_AGGRESSIVE;
				GCC_WARN_UNUSED_FUNCTION = YES;
				GCC_WARN_UNUSED_VARIABLE = YES;
				IPHONEOS_DEPLOYMENT_TARGET = 12.1;
				MTL_ENABLE_DEBUG_INFO = INCLUDE_SOURCE;
				MTL_FAST_MATH = YES;
				ONLY_ACTIVE_ARCH = YES;
				SDKROOT = iphoneos;
				SWIFT_ACTIVE_COMPILATION_CONDITIONS = DEBUG;
				SWIFT_OPTIMIZATION_LEVEL = "-Onone";
			};
			name = Debug;
		};
		6DC2221221DB7BCE00975479 /* Release */ = {
			isa = XCBuildConfiguration;
			buildSettings = {
				ALWAYS_SEARCH_USER_PATHS = NO;
				CLANG_ANALYZER_NONNULL = YES;
				CLANG_ANALYZER_NUMBER_OBJECT_CONVERSION = YES_AGGRESSIVE;
				CLANG_CXX_LANGUAGE_STANDARD = "gnu++14";
				CLANG_CXX_LIBRARY = "libc++";
				CLANG_ENABLE_MODULES = YES;
				CLANG_ENABLE_OBJC_ARC = YES;
				CLANG_ENABLE_OBJC_WEAK = YES;
				CLANG_WARN_BLOCK_CAPTURE_AUTORELEASING = YES;
				CLANG_WARN_BOOL_CONVERSION = YES;
				CLANG_WARN_COMMA = YES;
				CLANG_WARN_CONSTANT_CONVERSION = YES;
				CLANG_WARN_DEPRECATED_OBJC_IMPLEMENTATIONS = YES;
				CLANG_WARN_DIRECT_OBJC_ISA_USAGE = YES_ERROR;
				CLANG_WARN_DOCUMENTATION_COMMENTS = YES;
				CLANG_WARN_EMPTY_BODY = YES;
				CLANG_WARN_ENUM_CONVERSION = YES;
				CLANG_WARN_INFINITE_RECURSION = YES;
				CLANG_WARN_INT_CONVERSION = YES;
				CLANG_WARN_NON_LITERAL_NULL_CONVERSION = YES;
				CLANG_WARN_OBJC_IMPLICIT_RETAIN_SELF = YES;
				CLANG_WARN_OBJC_LITERAL_CONVERSION = YES;
				CLANG_WARN_OBJC_ROOT_CLASS = YES_ERROR;
				CLANG_WARN_RANGE_LOOP_ANALYSIS = YES;
				CLANG_WARN_STRICT_PROTOTYPES = YES;
				CLANG_WARN_SUSPICIOUS_MOVE = YES;
				CLANG_WARN_UNGUARDED_AVAILABILITY = YES_AGGRESSIVE;
				CLANG_WARN_UNREACHABLE_CODE = YES;
				CLANG_WARN__DUPLICATE_METHOD_MATCH = YES;
				CODE_SIGN_IDENTITY = "iPhone Developer";
				COPY_PHASE_STRIP = NO;
				DEBUG_INFORMATION_FORMAT = "dwarf-with-dsym";
				ENABLE_NS_ASSERTIONS = NO;
				ENABLE_STRICT_OBJC_MSGSEND = YES;
				GCC_C_LANGUAGE_STANDARD = gnu11;
				GCC_NO_COMMON_BLOCKS = YES;
				GCC_WARN_64_TO_32_BIT_CONVERSION = YES;
				GCC_WARN_ABOUT_RETURN_TYPE = YES_ERROR;
				GCC_WARN_UNDECLARED_SELECTOR = YES;
				GCC_WARN_UNINITIALIZED_AUTOS = YES_AGGRESSIVE;
				GCC_WARN_UNUSED_FUNCTION = YES;
				GCC_WARN_UNUSED_VARIABLE = YES;
				IPHONEOS_DEPLOYMENT_TARGET = 12.1;
				MTL_ENABLE_DEBUG_INFO = NO;
				MTL_FAST_MATH = YES;
				SDKROOT = iphoneos;
				SWIFT_COMPILATION_MODE = wholemodule;
				SWIFT_OPTIMIZATION_LEVEL = "-O";
				VALIDATE_PRODUCT = YES;
			};
			name = Release;
		};
		6DC2221421DB7BCE00975479 /* Debug */ = {
			isa = XCBuildConfiguration;
			baseConfigurationReference = D64658014E6DAC3A51D1526C /* Pods-Teamstuff.debug.xcconfig */;
			buildSettings = {
				ASSETCATALOG_COMPILER_APPICON_NAME = AppIcon;
				CODE_SIGN_STYLE = Automatic;
				DEVELOPMENT_TEAM = DU5PKJU72D;
				INFOPLIST_FILE = Teamstuff/Info.plist;
				LD_RUNPATH_SEARCH_PATHS = (
					"$(inherited)",
					"@executable_path/Frameworks",
				);
				PRODUCT_BUNDLE_IDENTIFIER = com.frddsmet.Teamstuff;
				PRODUCT_NAME = "$(TARGET_NAME)";
				SWIFT_VERSION = 4.2;
				TARGETED_DEVICE_FAMILY = "1,2";
			};
			name = Debug;
		};
		6DC2221521DB7BCE00975479 /* Release */ = {
			isa = XCBuildConfiguration;
			baseConfigurationReference = 792CA520024C622CCB7FD497 /* Pods-Teamstuff.release.xcconfig */;
			buildSettings = {
				ASSETCATALOG_COMPILER_APPICON_NAME = AppIcon;
				CODE_SIGN_STYLE = Automatic;
				DEVELOPMENT_TEAM = DU5PKJU72D;
				INFOPLIST_FILE = Teamstuff/Info.plist;
				LD_RUNPATH_SEARCH_PATHS = (
					"$(inherited)",
					"@executable_path/Frameworks",
				);
				PRODUCT_BUNDLE_IDENTIFIER = com.frddsmet.Teamstuff;
				PRODUCT_NAME = "$(TARGET_NAME)";
				SWIFT_VERSION = 4.2;
				TARGETED_DEVICE_FAMILY = "1,2";
			};
			name = Release;
		};
/* End XCBuildConfiguration section */

/* Begin XCConfigurationList section */
		6DC221FA21DB7BCD00975479 /* Build configuration list for PBXProject "Teamstuff" */ = {
			isa = XCConfigurationList;
			buildConfigurations = (
				6DC2221121DB7BCE00975479 /* Debug */,
				6DC2221221DB7BCE00975479 /* Release */,
			);
			defaultConfigurationIsVisible = 0;
			defaultConfigurationName = Release;
		};
		6DC2221321DB7BCE00975479 /* Build configuration list for PBXNativeTarget "Teamstuff" */ = {
			isa = XCConfigurationList;
			buildConfigurations = (
				6DC2221421DB7BCE00975479 /* Debug */,
				6DC2221521DB7BCE00975479 /* Release */,
			);
			defaultConfigurationIsVisible = 0;
			defaultConfigurationName = Release;
		};
/* End XCConfigurationList section */
	};
	rootObject = 6DC221F721DB7BCD00975479 /* Project object */;
}
